
Microsoft Visual Studio Solution File, Format Version 12.00
# Visual Studio Version 16
VisualStudioVersion = 16.0.29721.120
MinimumVisualStudioVersion = 10.0.40219.1
Project("{FAE04EC0-301F-11D3-BF4B-00C04F79EFBC}") = "Taxi.Common", "Taxi.Common\Taxi.Common.csproj", "{6B8392DA-B286-410E-9504-8E863340848B}"
EndProject
Project("{FAE04EC0-301F-11D3-BF4B-00C04F79EFBC}") = "Taxi.Web", "Taxi.Web\Taxi.Web.csproj", "{E5706FFA-7EE3-4C42-B151-36AA4EB4D8E8}"
EndProject
Project("{FAE04EC0-301F-11D3-BF4B-00C04F79EFBC}") = "Taxi.Prism", "Taxi.Prism\Taxi.Prism\Taxi.Prism.csproj", "{BA5B8229-9AB9-4AAB-AE83-8FF609389271}"
EndProject
Project("{FAE04EC0-301F-11D3-BF4B-00C04F79EFBC}") = "Taxi.Prism.Android", "Taxi.Prism\Taxi.Prism.Android\Taxi.Prism.Android.csproj", "{0E125462-D716-45C4-9643-5391F73CB8C2}"
EndProject
Project("{FAE04EC0-301F-11D3-BF4B-00C04F79EFBC}") = "Taxi.Prism.iOS", "Taxi.Prism\Taxi.Prism.iOS\Taxi.Prism.iOS.csproj", "{8BBEAC2F-93EC-49D3-9460-02753356D974}"
EndProject
Project("{FAE04EC0-301F-11D3-BF4B-00C04F79EFBC}") = "Taxi.Cross.Android", "Taxi.Cross.Android\Taxi.Cross.Android.csproj", "{F5B36708-7376-4737-BFF2-BC5600667CC0}"
EndProject
Project("{FAE04EC0-301F-11D3-BF4B-00C04F79EFBC}") = "Taxi.Cross.ios", "Taxi.Cross.ios\Taxi.Cross.ios.csproj", "{1A4D36F9-AB9C-4A45-AB40-0290AA77C3DD}"
EndProject
Global
	GlobalSection(SolutionConfigurationPlatforms) = preSolution
		Ad-Hoc|Any CPU = Ad-Hoc|Any CPU
		Ad-Hoc|iPhone = Ad-Hoc|iPhone
		Ad-Hoc|iPhoneSimulator = Ad-Hoc|iPhoneSimulator
		AppStore|Any CPU = AppStore|Any CPU
		AppStore|iPhone = AppStore|iPhone
		AppStore|iPhoneSimulator = AppStore|iPhoneSimulator
		Debug|Any CPU = Debug|Any CPU
		Debug|iPhone = Debug|iPhone
		Debug|iPhoneSimulator = Debug|iPhoneSimulator
		Release|Any CPU = Release|Any CPU
		Release|iPhone = Release|iPhone
		Release|iPhoneSimulator = Release|iPhoneSimulator
	EndGlobalSection
	GlobalSection(ProjectConfigurationPlatforms) = postSolution
		{6B8392DA-B286-410E-9504-8E863340848B}.Ad-Hoc|Any CPU.ActiveCfg = Debug|Any CPU
		{6B8392DA-B286-410E-9504-8E863340848B}.Ad-Hoc|Any CPU.Build.0 = Debug|Any CPU
		{6B8392DA-B286-410E-9504-8E863340848B}.Ad-Hoc|iPhone.ActiveCfg = Debug|Any CPU
		{6B8392DA-B286-410E-9504-8E863340848B}.Ad-Hoc|iPhone.Build.0 = Debug|Any CPU
		{6B8392DA-B286-410E-9504-8E863340848B}.Ad-Hoc|iPhoneSimulator.ActiveCfg = Debug|Any CPU
		{6B8392DA-B286-410E-9504-8E863340848B}.Ad-Hoc|iPhoneSimulator.Build.0 = Debug|Any CPU
		{6B8392DA-B286-410E-9504-8E863340848B}.AppStore|Any CPU.ActiveCfg = Debug|Any CPU
		{6B8392DA-B286-410E-9504-8E863340848B}.AppStore|Any CPU.Build.0 = Debug|Any CPU
		{6B8392DA-B286-410E-9504-8E863340848B}.AppStore|iPhone.ActiveCfg = Debug|Any CPU
		{6B8392DA-B286-410E-9504-8E863340848B}.AppStore|iPhone.Build.0 = Debug|Any CPU
		{6B8392DA-B286-410E-9504-8E863340848B}.AppStore|iPhoneSimulator.ActiveCfg = Debug|Any CPU
		{6B8392DA-B286-410E-9504-8E863340848B}.AppStore|iPhoneSimulator.Build.0 = Debug|Any CPU
		{6B8392DA-B286-410E-9504-8E863340848B}.Debug|Any CPU.ActiveCfg = Debug|Any CPU
		{6B8392DA-B286-410E-9504-8E863340848B}.Debug|Any CPU.Build.0 = Debug|Any CPU
		{6B8392DA-B286-410E-9504-8E863340848B}.Debug|iPhone.ActiveCfg = Debug|Any CPU
		{6B8392DA-B286-410E-9504-8E863340848B}.Debug|iPhone.Build.0 = Debug|Any CPU
		{6B8392DA-B286-410E-9504-8E863340848B}.Debug|iPhoneSimulator.ActiveCfg = Debug|Any CPU
		{6B8392DA-B286-410E-9504-8E863340848B}.Debug|iPhoneSimulator.Build.0 = Debug|Any CPU
		{6B8392DA-B286-410E-9504-8E863340848B}.Release|Any CPU.ActiveCfg = Release|Any CPU
		{6B8392DA-B286-410E-9504-8E863340848B}.Release|Any CPU.Build.0 = Release|Any CPU
		{6B8392DA-B286-410E-9504-8E863340848B}.Release|iPhone.ActiveCfg = Release|Any CPU
		{6B8392DA-B286-410E-9504-8E863340848B}.Release|iPhone.Build.0 = Release|Any CPU
		{6B8392DA-B286-410E-9504-8E863340848B}.Release|iPhoneSimulator.ActiveCfg = Release|Any CPU
		{6B8392DA-B286-410E-9504-8E863340848B}.Release|iPhoneSimulator.Build.0 = Release|Any CPU
		{E5706FFA-7EE3-4C42-B151-36AA4EB4D8E8}.Ad-Hoc|Any CPU.ActiveCfg = Debug|Any CPU
		{E5706FFA-7EE3-4C42-B151-36AA4EB4D8E8}.Ad-Hoc|Any CPU.Build.0 = Debug|Any CPU
		{E5706FFA-7EE3-4C42-B151-36AA4EB4D8E8}.Ad-Hoc|iPhone.ActiveCfg = Debug|Any CPU
		{E5706FFA-7EE3-4C42-B151-36AA4EB4D8E8}.Ad-Hoc|iPhone.Build.0 = Debug|Any CPU
		{E5706FFA-7EE3-4C42-B151-36AA4EB4D8E8}.Ad-Hoc|iPhoneSimulator.ActiveCfg = Debug|Any CPU
		{E5706FFA-7EE3-4C42-B151-36AA4EB4D8E8}.Ad-Hoc|iPhoneSimulator.Build.0 = Debug|Any CPU
		{E5706FFA-7EE3-4C42-B151-36AA4EB4D8E8}.AppStore|Any CPU.ActiveCfg = Debug|Any CPU
		{E5706FFA-7EE3-4C42-B151-36AA4EB4D8E8}.AppStore|Any CPU.Build.0 = Debug|Any CPU
		{E5706FFA-7EE3-4C42-B151-36AA4EB4D8E8}.AppStore|iPhone.ActiveCfg = Debug|Any CPU
		{E5706FFA-7EE3-4C42-B151-36AA4EB4D8E8}.AppStore|iPhone.Build.0 = Debug|Any CPU
		{E5706FFA-7EE3-4C42-B151-36AA4EB4D8E8}.AppStore|iPhoneSimulator.ActiveCfg = Debug|Any CPU
		{E5706FFA-7EE3-4C42-B151-36AA4EB4D8E8}.AppStore|iPhoneSimulator.Build.0 = Debug|Any CPU
		{E5706FFA-7EE3-4C42-B151-36AA4EB4D8E8}.Debug|Any CPU.ActiveCfg = Debug|Any CPU
		{E5706FFA-7EE3-4C42-B151-36AA4EB4D8E8}.Debug|Any CPU.Build.0 = Debug|Any CPU
		{E5706FFA-7EE3-4C42-B151-36AA4EB4D8E8}.Debug|iPhone.ActiveCfg = Debug|Any CPU
		{E5706FFA-7EE3-4C42-B151-36AA4EB4D8E8}.Debug|iPhone.Build.0 = Debug|Any CPU
		{E5706FFA-7EE3-4C42-B151-36AA4EB4D8E8}.Debug|iPhoneSimulator.ActiveCfg = Debug|Any CPU
		{E5706FFA-7EE3-4C42-B151-36AA4EB4D8E8}.Debug|iPhoneSimulator.Build.0 = Debug|Any CPU
		{E5706FFA-7EE3-4C42-B151-36AA4EB4D8E8}.Release|Any CPU.ActiveCfg = Release|Any CPU
		{E5706FFA-7EE3-4C42-B151-36AA4EB4D8E8}.Release|Any CPU.Build.0 = Release|Any CPU
		{E5706FFA-7EE3-4C42-B151-36AA4EB4D8E8}.Release|iPhone.ActiveCfg = Release|Any CPU
		{E5706FFA-7EE3-4C42-B151-36AA4EB4D8E8}.Release|iPhone.Build.0 = Release|Any CPU
		{E5706FFA-7EE3-4C42-B151-36AA4EB4D8E8}.Release|iPhoneSimulator.ActiveCfg = Release|Any CPU
		{E5706FFA-7EE3-4C42-B151-36AA4EB4D8E8}.Release|iPhoneSimulator.Build.0 = Release|Any CPU
		{BA5B8229-9AB9-4AAB-AE83-8FF609389271}.Ad-Hoc|Any CPU.ActiveCfg = Debug|Any CPU
		{BA5B8229-9AB9-4AAB-AE83-8FF609389271}.Ad-Hoc|Any CPU.Build.0 = Debug|Any CPU
		{BA5B8229-9AB9-4AAB-AE83-8FF609389271}.Ad-Hoc|iPhone.ActiveCfg = Debug|Any CPU
		{BA5B8229-9AB9-4AAB-AE83-8FF609389271}.Ad-Hoc|iPhone.Build.0 = Debug|Any CPU
		{BA5B8229-9AB9-4AAB-AE83-8FF609389271}.Ad-Hoc|iPhoneSimulator.ActiveCfg = Debug|Any CPU
		{BA5B8229-9AB9-4AAB-AE83-8FF609389271}.Ad-Hoc|iPhoneSimulator.Build.0 = Debug|Any CPU
		{BA5B8229-9AB9-4AAB-AE83-8FF609389271}.AppStore|Any CPU.ActiveCfg = Debug|Any CPU
		{BA5B8229-9AB9-4AAB-AE83-8FF609389271}.AppStore|Any CPU.Build.0 = Debug|Any CPU
		{BA5B8229-9AB9-4AAB-AE83-8FF609389271}.AppStore|iPhone.ActiveCfg = Debug|Any CPU
		{BA5B8229-9AB9-4AAB-AE83-8FF609389271}.AppStore|iPhone.Build.0 = Debug|Any CPU
		{BA5B8229-9AB9-4AAB-AE83-8FF609389271}.AppStore|iPhoneSimulator.ActiveCfg = Debug|Any CPU
		{BA5B8229-9AB9-4AAB-AE83-8FF609389271}.AppStore|iPhoneSimulator.Build.0 = Debug|Any CPU
		{BA5B8229-9AB9-4AAB-AE83-8FF609389271}.Debug|Any CPU.ActiveCfg = Debug|Any CPU
		{BA5B8229-9AB9-4AAB-AE83-8FF609389271}.Debug|Any CPU.Build.0 = Debug|Any CPU
		{BA5B8229-9AB9-4AAB-AE83-8FF609389271}.Debug|iPhone.ActiveCfg = Debug|Any CPU
		{BA5B8229-9AB9-4AAB-AE83-8FF609389271}.Debug|iPhone.Build.0 = Debug|Any CPU
		{BA5B8229-9AB9-4AAB-AE83-8FF609389271}.Debug|iPhoneSimulator.ActiveCfg = Debug|Any CPU
		{BA5B8229-9AB9-4AAB-AE83-8FF609389271}.Debug|iPhoneSimulator.Build.0 = Debug|Any CPU
		{BA5B8229-9AB9-4AAB-AE83-8FF609389271}.Release|Any CPU.ActiveCfg = Release|Any CPU
		{BA5B8229-9AB9-4AAB-AE83-8FF609389271}.Release|Any CPU.Build.0 = Release|Any CPU
		{BA5B8229-9AB9-4AAB-AE83-8FF609389271}.Release|iPhone.ActiveCfg = Release|Any CPU
		{BA5B8229-9AB9-4AAB-AE83-8FF609389271}.Release|iPhone.Build.0 = Release|Any CPU
		{BA5B8229-9AB9-4AAB-AE83-8FF609389271}.Release|iPhoneSimulator.ActiveCfg = Release|Any CPU
		{BA5B8229-9AB9-4AAB-AE83-8FF609389271}.Release|iPhoneSimulator.Build.0 = Release|Any CPU
		{0E125462-D716-45C4-9643-5391F73CB8C2}.Ad-Hoc|Any CPU.ActiveCfg = Release|Any CPU
		{0E125462-D716-45C4-9643-5391F73CB8C2}.Ad-Hoc|Any CPU.Build.0 = Release|Any CPU
		{0E125462-D716-45C4-9643-5391F73CB8C2}.Ad-Hoc|Any CPU.Deploy.0 = Release|Any CPU
		{0E125462-D716-45C4-9643-5391F73CB8C2}.Ad-Hoc|iPhone.ActiveCfg = Release|Any CPU
		{0E125462-D716-45C4-9643-5391F73CB8C2}.Ad-Hoc|iPhone.Build.0 = Release|Any CPU
		{0E125462-D716-45C4-9643-5391F73CB8C2}.Ad-Hoc|iPhone.Deploy.0 = Release|Any CPU
		{0E125462-D716-45C4-9643-5391F73CB8C2}.Ad-Hoc|iPhoneSimulator.ActiveCfg = Release|Any CPU
		{0E125462-D716-45C4-9643-5391F73CB8C2}.Ad-Hoc|iPhoneSimulator.Build.0 = Release|Any CPU
		{0E125462-D716-45C4-9643-5391F73CB8C2}.Ad-Hoc|iPhoneSimulator.Deploy.0 = Release|Any CPU
		{0E125462-D716-45C4-9643-5391F73CB8C2}.AppStore|Any CPU.ActiveCfg = Release|Any CPU
		{0E125462-D716-45C4-9643-5391F73CB8C2}.AppStore|Any CPU.Build.0 = Release|Any CPU
		{0E125462-D716-45C4-9643-5391F73CB8C2}.AppStore|Any CPU.Deploy.0 = Release|Any CPU
		{0E125462-D716-45C4-9643-5391F73CB8C2}.AppStore|iPhone.ActiveCfg = Release|Any CPU
		{0E125462-D716-45C4-9643-5391F73CB8C2}.AppStore|iPhone.Build.0 = Release|Any CPU
		{0E125462-D716-45C4-9643-5391F73CB8C2}.AppStore|iPhone.Deploy.0 = Release|Any CPU
		{0E125462-D716-45C4-9643-5391F73CB8C2}.AppStore|iPhoneSimulator.ActiveCfg = Release|Any CPU
		{0E125462-D716-45C4-9643-5391F73CB8C2}.AppStore|iPhoneSimulator.Build.0 = Release|Any CPU
		{0E125462-D716-45C4-9643-5391F73CB8C2}.AppStore|iPhoneSimulator.Deploy.0 = Release|Any CPU
		{0E125462-D716-45C4-9643-5391F73CB8C2}.Debug|Any CPU.ActiveCfg = Debug|Any CPU
		{0E125462-D716-45C4-9643-5391F73CB8C2}.Debug|Any CPU.Build.0 = Debug|Any CPU
		{0E125462-D716-45C4-9643-5391F73CB8C2}.Debug|Any CPU.Deploy.0 = Debug|Any CPU
		{0E125462-D716-45C4-9643-5391F73CB8C2}.Debug|iPhone.ActiveCfg = Debug|Any CPU
		{0E125462-D716-45C4-9643-5391F73CB8C2}.Debug|iPhone.Build.0 = Debug|Any CPU
		{0E125462-D716-45C4-9643-5391F73CB8C2}.Debug|iPhone.Deploy.0 = Debug|Any CPU
		{0E125462-D716-45C4-9643-5391F73CB8C2}.Debug|iPhoneSimulator.ActiveCfg = Debug|Any CPU
		{0E125462-D716-45C4-9643-5391F73CB8C2}.Debug|iPhoneSimulator.Build.0 = Debug|Any CPU
		{0E125462-D716-45C4-9643-5391F73CB8C2}.Debug|iPhoneSimulator.Deploy.0 = Debug|Any CPU
		{0E125462-D716-45C4-9643-5391F73CB8C2}.Release|Any CPU.ActiveCfg = Release|Any CPU
		{0E125462-D716-45C4-9643-5391F73CB8C2}.Release|Any CPU.Build.0 = Release|Any CPU
		{0E125462-D716-45C4-9643-5391F73CB8C2}.Release|Any CPU.Deploy.0 = Release|Any CPU
		{0E125462-D716-45C4-9643-5391F73CB8C2}.Release|iPhone.ActiveCfg = Release|Any CPU
		{0E125462-D716-45C4-9643-5391F73CB8C2}.Release|iPhone.Build.0 = Release|Any CPU
		{0E125462-D716-45C4-9643-5391F73CB8C2}.Release|iPhone.Deploy.0 = Release|Any CPU
		{0E125462-D716-45C4-9643-5391F73CB8C2}.Release|iPhoneSimulator.ActiveCfg = Release|Any CPU
		{0E125462-D716-45C4-9643-5391F73CB8C2}.Release|iPhoneSimulator.Build.0 = Release|Any CPU
		{0E125462-D716-45C4-9643-5391F73CB8C2}.Release|iPhoneSimulator.Deploy.0 = Release|Any CPU
		{8BBEAC2F-93EC-49D3-9460-02753356D974}.Ad-Hoc|Any CPU.ActiveCfg = Ad-Hoc|iPhone
		{8BBEAC2F-93EC-49D3-9460-02753356D974}.Ad-Hoc|iPhone.ActiveCfg = Ad-Hoc|iPhone
		{8BBEAC2F-93EC-49D3-9460-02753356D974}.Ad-Hoc|iPhone.Build.0 = Ad-Hoc|iPhone
		{8BBEAC2F-93EC-49D3-9460-02753356D974}.Ad-Hoc|iPhoneSimulator.ActiveCfg = Ad-Hoc|iPhoneSimulator
		{8BBEAC2F-93EC-49D3-9460-02753356D974}.Ad-Hoc|iPhoneSimulator.Build.0 = Ad-Hoc|iPhoneSimulator
		{8BBEAC2F-93EC-49D3-9460-02753356D974}.AppStore|Any CPU.ActiveCfg = AppStore|iPhone
		{8BBEAC2F-93EC-49D3-9460-02753356D974}.AppStore|iPhone.ActiveCfg = AppStore|iPhone
		{8BBEAC2F-93EC-49D3-9460-02753356D974}.AppStore|iPhone.Build.0 = AppStore|iPhone
		{8BBEAC2F-93EC-49D3-9460-02753356D974}.AppStore|iPhoneSimulator.ActiveCfg = AppStore|iPhoneSimulator
		{8BBEAC2F-93EC-49D3-9460-02753356D974}.AppStore|iPhoneSimulator.Build.0 = AppStore|iPhoneSimulator
		{8BBEAC2F-93EC-49D3-9460-02753356D974}.Debug|Any CPU.ActiveCfg = Debug|iPhone
		{8BBEAC2F-93EC-49D3-9460-02753356D974}.Debug|iPhone.ActiveCfg = Debug|iPhone
		{8BBEAC2F-93EC-49D3-9460-02753356D974}.Debug|iPhone.Build.0 = Debug|iPhone
		{8BBEAC2F-93EC-49D3-9460-02753356D974}.Debug|iPhoneSimulator.ActiveCfg = Debug|iPhoneSimulator
		{8BBEAC2F-93EC-49D3-9460-02753356D974}.Debug|iPhoneSimulator.Build.0 = Debug|iPhoneSimulator
		{8BBEAC2F-93EC-49D3-9460-02753356D974}.Release|Any CPU.ActiveCfg = Release|iPhone
		{8BBEAC2F-93EC-49D3-9460-02753356D974}.Release|iPhone.ActiveCfg = Release|iPhone
		{8BBEAC2F-93EC-49D3-9460-02753356D974}.Release|iPhone.Build.0 = Release|iPhone
		{8BBEAC2F-93EC-49D3-9460-02753356D974}.Release|iPhoneSimulator.ActiveCfg = Release|iPhoneSimulator
		{8BBEAC2F-93EC-49D3-9460-02753356D974}.Release|iPhoneSimulator.Build.0 = Release|iPhoneSimulator
		{F5B36708-7376-4737-BFF2-BC5600667CC0}.Ad-Hoc|Any CPU.ActiveCfg = Release|Any CPU
		{F5B36708-7376-4737-BFF2-BC5600667CC0}.Ad-Hoc|Any CPU.Build.0 = Release|Any CPU
		{F5B36708-7376-4737-BFF2-BC5600667CC0}.Ad-Hoc|Any CPU.Deploy.0 = Release|Any CPU
		{F5B36708-7376-4737-BFF2-BC5600667CC0}.Ad-Hoc|iPhone.ActiveCfg = Release|Any CPU
		{F5B36708-7376-4737-BFF2-BC5600667CC0}.Ad-Hoc|iPhone.Build.0 = Release|Any CPU
		{F5B36708-7376-4737-BFF2-BC5600667CC0}.Ad-Hoc|iPhone.Deploy.0 = Release|Any CPU
		{F5B36708-7376-4737-BFF2-BC5600667CC0}.Ad-Hoc|iPhoneSimulator.ActiveCfg = Release|Any CPU
		{F5B36708-7376-4737-BFF2-BC5600667CC0}.Ad-Hoc|iPhoneSimulator.Build.0 = Release|Any CPU
		{F5B36708-7376-4737-BFF2-BC5600667CC0}.Ad-Hoc|iPhoneSimulator.Deploy.0 = Release|Any CPU
		{F5B36708-7376-4737-BFF2-BC5600667CC0}.AppStore|Any CPU.ActiveCfg = Release|Any CPU
		{F5B36708-7376-4737-BFF2-BC5600667CC0}.AppStore|Any CPU.Build.0 = Release|Any CPU
		{F5B36708-7376-4737-BFF2-BC5600667CC0}.AppStore|Any CPU.Deploy.0 = Release|Any CPU
		{F5B36708-7376-4737-BFF2-BC5600667CC0}.AppStore|iPhone.ActiveCfg = Release|Any CPU
		{F5B36708-7376-4737-BFF2-BC5600667CC0}.AppStore|iPhone.Build.0 = Release|Any CPU
		{F5B36708-7376-4737-BFF2-BC5600667CC0}.AppStore|iPhone.Deploy.0 = Release|Any CPU
		{F5B36708-7376-4737-BFF2-BC5600667CC0}.AppStore|iPhoneSimulator.ActiveCfg = Release|Any CPU
		{F5B36708-7376-4737-BFF2-BC5600667CC0}.AppStore|iPhoneSimulator.Build.0 = Release|Any CPU
		{F5B36708-7376-4737-BFF2-BC5600667CC0}.AppStore|iPhoneSimulator.Deploy.0 = Release|Any CPU
		{F5B36708-7376-4737-BFF2-BC5600667CC0}.Debug|Any CPU.ActiveCfg = Debug|Any CPU
		{F5B36708-7376-4737-BFF2-BC5600667CC0}.Debug|Any CPU.Build.0 = Debug|Any CPU
		{F5B36708-7376-4737-BFF2-BC5600667CC0}.Debug|Any CPU.Deploy.0 = Debug|Any CPU
		{F5B36708-7376-4737-BFF2-BC5600667CC0}.Debug|iPhone.ActiveCfg = Debug|Any CPU
		{F5B36708-7376-4737-BFF2-BC5600667CC0}.Debug|iPhone.Build.0 = Debug|Any CPU
		{F5B36708-7376-4737-BFF2-BC5600667CC0}.Debug|iPhone.Deploy.0 = Debug|Any CPU
		{F5B36708-7376-4737-BFF2-BC5600667CC0}.Debug|iPhoneSimulator.ActiveCfg = Debug|Any CPU
		{F5B36708-7376-4737-BFF2-BC5600667CC0}.Debug|iPhoneSimulator.Build.0 = Debug|Any CPU
		{F5B36708-7376-4737-BFF2-BC5600667CC0}.Debug|iPhoneSimulator.Deploy.0 = Debug|Any CPU
		{F5B36708-7376-4737-BFF2-BC5600667CC0}.Release|Any CPU.ActiveCfg = Release|Any CPU
		{F5B36708-7376-4737-BFF2-BC5600667CC0}.Release|Any CPU.Build.0 = Release|Any CPU
		{F5B36708-7376-4737-BFF2-BC5600667CC0}.Release|Any CPU.Deploy.0 = Release|Any CPU
		{F5B36708-7376-4737-BFF2-BC5600667CC0}.Release|iPhone.ActiveCfg = Release|Any CPU
		{F5B36708-7376-4737-BFF2-BC5600667CC0}.Release|iPhone.Build.0 = Release|Any CPU
		{F5B36708-7376-4737-BFF2-BC5600667CC0}.Release|iPhone.Deploy.0 = Release|Any CPU
		{F5B36708-7376-4737-BFF2-BC5600667CC0}.Release|iPhoneSimulator.ActiveCfg = Release|Any CPU
		{F5B36708-7376-4737-BFF2-BC5600667CC0}.Release|iPhoneSimulator.Build.0 = Release|Any CPU
		{F5B36708-7376-4737-BFF2-BC5600667CC0}.Release|iPhoneSimulator.Deploy.0 = Release|Any CPU
		{1A4D36F9-AB9C-4A45-AB40-0290AA77C3DD}.Ad-Hoc|Any CPU.ActiveCfg = Release|iPhone
		{1A4D36F9-AB9C-4A45-AB40-0290AA77C3DD}.Ad-Hoc|Any CPU.Build.0 = Release|iPhone
		{1A4D36F9-AB9C-4A45-AB40-0290AA77C3DD}.Ad-Hoc|iPhone.ActiveCfg = Release|iPhone
		{1A4D36F9-AB9C-4A45-AB40-0290AA77C3DD}.Ad-Hoc|iPhone.Build.0 = Release|iPhone
		{1A4D36F9-AB9C-4A45-AB40-0290AA77C3DD}.Ad-Hoc|iPhoneSimulator.ActiveCfg = Release|iPhoneSimulator
		{1A4D36F9-AB9C-4A45-AB40-0290AA77C3DD}.Ad-Hoc|iPhoneSimulator.Build.0 = Release|iPhoneSimulator
		{1A4D36F9-AB9C-4A45-AB40-0290AA77C3DD}.AppStore|Any CPU.ActiveCfg = Release|iPhone
		{1A4D36F9-AB9C-4A45-AB40-0290AA77C3DD}.AppStore|Any CPU.Build.0 = Release|iPhone
		{1A4D36F9-AB9C-4A45-AB40-0290AA77C3DD}.AppStore|iPhone.ActiveCfg = Release|iPhone
		{1A4D36F9-AB9C-4A45-AB40-0290AA77C3DD}.AppStore|iPhone.Build.0 = Release|iPhone
		{1A4D36F9-AB9C-4A45-AB40-0290AA77C3DD}.AppStore|iPhoneSimulator.ActiveCfg = Release|iPhoneSimulator
		{1A4D36F9-AB9C-4A45-AB40-0290AA77C3DD}.AppStore|iPhoneSimulator.Build.0 = Release|iPhoneSimulator
		{1A4D36F9-AB9C-4A45-AB40-0290AA77C3DD}.Debug|Any CPU.ActiveCfg = Debug|iPhone
		{1A4D36F9-AB9C-4A45-AB40-0290AA77C3DD}.Debug|iPhone.ActiveCfg = Debug|iPhone
		{1A4D36F9-AB9C-4A45-AB40-0290AA77C3DD}.Debug|iPhone.Build.0 = Debug|iPhone
		{1A4D36F9-AB9C-4A45-AB40-0290AA77C3DD}.Debug|iPhoneSimulator.ActiveCfg = Debug|iPhoneSimulator
		{1A4D36F9-AB9C-4A45-AB40-0290AA77C3DD}.Debug|iPhoneSimulator.Build.0 = Debug|iPhoneSimulator
		{1A4D36F9-AB9C-4A45-AB40-0290AA77C3DD}.Release|Any CPU.ActiveCfg = Release|iPhone
		{1A4D36F9-AB9C-4A45-AB40-0290AA77C3DD}.Release|iPhone.ActiveCfg = Release|iPhone
		{1A4D36F9-AB9C-4A45-AB40-0290AA77C3DD}.Release|iPhone.Build.0 = Release|iPhone
		{1A4D36F9-AB9C-4A45-AB40-0290AA77C3DD}.Release|iPhoneSimulator.ActiveCfg = Release|iPhoneSimulator
		{1A4D36F9-AB9C-4A45-AB40-0290AA77C3DD}.Release|iPhoneSimulator.Build.0 = Release|iPhoneSimulator
	EndGlobalSection
	GlobalSection(SolutionProperties) = preSolution
		HideSolutionNode = FALSE
	EndGlobalSection
	GlobalSection(ExtensibilityGlobals) = postSolution
		SolutionGuid = {CE2FE27E-BC2B-4281-A538-66BCE758D2E6}
	EndGlobalSection
EndGlobal
